// !$*UTF8*$!
{
	archiveVersion = 1;
	classes = {
	};
	objectVersion = 48;
	objects = {

/* Begin PBXBuildFile section */
		353922940C36CDD10C48F568 /* Pods_SFWBPro.framework in Frameworks */ = {isa = PBXBuildFile; fileRef = 88C113BAB25EF95D4158284A /* Pods_SFWBPro.framework */; };
		383F1AE9639692B7C84B9267 /* Pods_SFWBProTests.framework in Frameworks */ = {isa = PBXBuildFile; fileRef = 32562A8FC6F4954400A25513 /* Pods_SFWBProTests.framework */; };
		3D17AA0E205381F200774723 /* SFWBNetworkManager.swift in Sources */ = {isa = PBXBuildFile; fileRef = 3D17AA0D205381F200774723 /* SFWBNetworkManager.swift */; };
		3D17AA102053B66300774723 /* SFWBNetworkManager+Extension.swift in Sources */ = {isa = PBXBuildFile; fileRef = 3D17AA0F2053B66300774723 /* SFWBNetworkManager+Extension.swift */; };
		3D4EE35820592A6D00EA4871 /* SFWBStatus.swift in Sources */ = {isa = PBXBuildFile; fileRef = 3D4EE35720592A6D00EA4871 /* SFWBStatus.swift */; };
		3D4EE35A2059334500EA4871 /* SFWBStatusListViewModel.swift in Sources */ = {isa = PBXBuildFile; fileRef = 3D4EE3592059334500EA4871 /* SFWBStatusListViewModel.swift */; };
		3D92A8D2204E9EC300333D9D /* SFWBVistorView.swift in Sources */ = {isa = PBXBuildFile; fileRef = 3D92A8D1204E9EC300333D9D /* SFWBVistorView.swift */; };
		3DD641832047E9D600E33A94 /* AppDelegate.swift in Sources */ = {isa = PBXBuildFile; fileRef = 3DD641822047E9D600E33A94 /* AppDelegate.swift */; };
		3DD6418A2047E9D600E33A94 /* Assets.xcassets in Resources */ = {isa = PBXBuildFile; fileRef = 3DD641892047E9D600E33A94 /* Assets.xcassets */; };
		3DD6418D2047E9D600E33A94 /* LaunchScreen.storyboard in Resources */ = {isa = PBXBuildFile; fileRef = 3DD6418B2047E9D600E33A94 /* LaunchScreen.storyboard */; };
		3DD641982047E9D600E33A94 /* SFWBProTests.swift in Sources */ = {isa = PBXBuildFile; fileRef = 3DD641972047E9D600E33A94 /* SFWBProTests.swift */; };
		3DD641A32047E9D700E33A94 /* SFWBProUITests.swift in Sources */ = {isa = PBXBuildFile; fileRef = 3DD641A22047E9D700E33A94 /* SFWBProUITests.swift */; };
		3DD641BB2047F93400E33A94 /* SFWBMainViewController.swift in Sources */ = {isa = PBXBuildFile; fileRef = 3DD641BA2047F93400E33A94 /* SFWBMainViewController.swift */; };
		3DD641BD2047F97500E33A94 /* SFWBNavigationViewController.swift in Sources */ = {isa = PBXBuildFile; fileRef = 3DD641BC2047F97500E33A94 /* SFWBNavigationViewController.swift */; };
		3DD641BF2047F98D00E33A94 /* SFWBBaseViewController.swift in Sources */ = {isa = PBXBuildFile; fileRef = 3DD641BE2047F98D00E33A94 /* SFWBBaseViewController.swift */; };
		3DD641C12047FA0500E33A94 /* SFWBHomeViewController.swift in Sources */ = {isa = PBXBuildFile; fileRef = 3DD641C02047FA0500E33A94 /* SFWBHomeViewController.swift */; };
		3DD641C32047FA1E00E33A94 /* SFWBMessageViewController.swift in Sources */ = {isa = PBXBuildFile; fileRef = 3DD641C22047FA1E00E33A94 /* SFWBMessageViewController.swift */; };
		3DD641C52047FA3A00E33A94 /* SFWBDiscoverViewController.swift in Sources */ = {isa = PBXBuildFile; fileRef = 3DD641C42047FA3A00E33A94 /* SFWBDiscoverViewController.swift */; };
		3DD641C72047FA4700E33A94 /* SFWBProfileViewController.swift in Sources */ = {isa = PBXBuildFile; fileRef = 3DD641C62047FA4700E33A94 /* SFWBProfileViewController.swift */; };
		3DD641E6204808CC00E33A94 /* NSArray+Log.m in Sources */ = {isa = PBXBuildFile; fileRef = 3DD641CB204808CC00E33A94 /* NSArray+Log.m */; };
		3DD641E7204808CC00E33A94 /* NSAttributedString+CZAdditon.m in Sources */ = {isa = PBXBuildFile; fileRef = 3DD641CD204808CC00E33A94 /* NSAttributedString+CZAdditon.m */; };
		3DD641E8204808CC00E33A94 /* NSObject+CZRuntime.m in Sources */ = {isa = PBXBuildFile; fileRef = 3DD641CF204808CC00E33A94 /* NSObject+CZRuntime.m */; };
		3DD641E9204808CC00E33A94 /* NSString+CZBase64.m in Sources */ = {isa = PBXBuildFile; fileRef = 3DD641D1204808CC00E33A94 /* NSString+CZBase64.m */; };
		3DD641EA204808CC00E33A94 /* NSString+CZHash.m in Sources */ = {isa = PBXBuildFile; fileRef = 3DD641D3204808CC00E33A94 /* NSString+CZHash.m */; };
		3DD641EB204808CC00E33A94 /* NSString+CZPath.m in Sources */ = {isa = PBXBuildFile; fileRef = 3DD641D5204808CC00E33A94 /* NSString+CZPath.m */; };
		3DD641EC204808CC00E33A94 /* UIButton+CZAddition.m in Sources */ = {isa = PBXBuildFile; fileRef = 3DD641D7204808CC00E33A94 /* UIButton+CZAddition.m */; };
		3DD641ED204808CC00E33A94 /* UIColor+CZAddition.m in Sources */ = {isa = PBXBuildFile; fileRef = 3DD641D9204808CC00E33A94 /* UIColor+CZAddition.m */; };
		3DD641EE204808CC00E33A94 /* UIImage+Extension.m in Sources */ = {isa = PBXBuildFile; fileRef = 3DD641DB204808CC00E33A94 /* UIImage+Extension.m */; };
		3DD641EF204808CC00E33A94 /* UILabel+CZAddition.m in Sources */ = {isa = PBXBuildFile; fileRef = 3DD641DD204808CC00E33A94 /* UILabel+CZAddition.m */; };
		3DD641F0204808CC00E33A94 /* UIScreen+CZAddition.m in Sources */ = {isa = PBXBuildFile; fileRef = 3DD641DF204808CC00E33A94 /* UIScreen+CZAddition.m */; };
		3DD641F1204808CC00E33A94 /* UIView+CZAddition.m in Sources */ = {isa = PBXBuildFile; fileRef = 3DD641E1204808CC00E33A94 /* UIView+CZAddition.m */; };
		3DD641F2204808CC00E33A94 /* UIView+JKFrame.m in Sources */ = {isa = PBXBuildFile; fileRef = 3DD641E3204808CC00E33A94 /* UIView+JKFrame.m */; };
		3DD641F3204808CC00E33A94 /* UIViewController+CZAddition.m in Sources */ = {isa = PBXBuildFile; fileRef = 3DD641E5204808CC00E33A94 /* UIViewController+CZAddition.m */; };
		3DD641F72048EC5E00E33A94 /* Bundle+Extension.swift in Sources */ = {isa = PBXBuildFile; fileRef = 3DD641F62048EC5E00E33A94 /* Bundle+Extension.swift */; };
		3DD641FA2049236E00E33A94 /* SFWBDemoViewController.swift in Sources */ = {isa = PBXBuildFile; fileRef = 3DD641F92049236E00E33A94 /* SFWBDemoViewController.swift */; };
		3DD641FC20493BBA00E33A94 /* UIBarButtonItem+Extension.swift in Sources */ = {isa = PBXBuildFile; fileRef = 3DD641FB20493BBA00E33A94 /* UIBarButtonItem+Extension.swift */; };
		3DD641FE204953C400E33A94 /* SFSecondNavigationBar.swift in Sources */ = {isa = PBXBuildFile; fileRef = 3DD641FD204953C400E33A94 /* SFSecondNavigationBar.swift */; };
		3DEB203F2079F53A00A0D03F /* SFWBCommon.swift in Sources */ = {isa = PBXBuildFile; fileRef = 3DEB203E2079F53A00A0D03F /* SFWBCommon.swift */; };
		3DEB2042207A19A100A0D03F /* SFWBOAuthViewController.swift in Sources */ = {isa = PBXBuildFile; fileRef = 3DEB2041207A19A100A0D03F /* SFWBOAuthViewController.swift */; };
		3DF4C9C320525902009DAF1E /* main.json in Resources */ = {isa = PBXBuildFile; fileRef = 3DF4C9C220525902009DAF1E /* main.json */; };
		CE082834EBA27E00E7722423 /* Pods_SFWBProUITests.framework in Frameworks */ = {isa = PBXBuildFile; fileRef = 72462159BB278D0D3F16C15F /* Pods_SFWBProUITests.framework */; };
/* End PBXBuildFile section */

/* Begin PBXContainerItemProxy section */
		3DD641942047E9D600E33A94 /* PBXContainerItemProxy */ = {
			isa = PBXContainerItemProxy;
			containerPortal = 3DD641772047E9D600E33A94 /* Project object */;
			proxyType = 1;
			remoteGlobalIDString = 3DD6417E2047E9D600E33A94;
			remoteInfo = SFWBPro;
		};
		3DD6419F2047E9D600E33A94 /* PBXContainerItemProxy */ = {
			isa = PBXContainerItemProxy;
			containerPortal = 3DD641772047E9D600E33A94 /* Project object */;
			proxyType = 1;
			remoteGlobalIDString = 3DD6417E2047E9D600E33A94;
			remoteInfo = SFWBPro;
		};
/* End PBXContainerItemProxy section */

/* Begin PBXFileReference section */
		32562A8FC6F4954400A25513 /* Pods_SFWBProTests.framework */ = {isa = PBXFileReference; explicitFileType = wrapper.framework; includeInIndex = 0; path = Pods_SFWBProTests.framework; sourceTree = BUILT_PRODUCTS_DIR; };
		3D17AA0D205381F200774723 /* SFWBNetworkManager.swift */ = {isa = PBXFileReference; lastKnownFileType = sourcecode.swift; path = SFWBNetworkManager.swift; sourceTree = "<group>"; };
		3D17AA0F2053B66300774723 /* SFWBNetworkManager+Extension.swift */ = {isa = PBXFileReference; lastKnownFileType = sourcecode.swift; path = "SFWBNetworkManager+Extension.swift"; sourceTree = "<group>"; };
		3D4EE35720592A6D00EA4871 /* SFWBStatus.swift */ = {isa = PBXFileReference; lastKnownFileType = sourcecode.swift; path = SFWBStatus.swift; sourceTree = "<group>"; };
		3D4EE3592059334500EA4871 /* SFWBStatusListViewModel.swift */ = {isa = PBXFileReference; lastKnownFileType = sourcecode.swift; path = SFWBStatusListViewModel.swift; sourceTree = "<group>"; };
		3D92A8D1204E9EC300333D9D /* SFWBVistorView.swift */ = {isa = PBXFileReference; lastKnownFileType = sourcecode.swift; path = SFWBVistorView.swift; sourceTree = "<group>"; };
		3DD6417F2047E9D600E33A94 /* SFWBPro.app */ = {isa = PBXFileReference; explicitFileType = wrapper.application; includeInIndex = 0; path = SFWBPro.app; sourceTree = BUILT_PRODUCTS_DIR; };
		3DD641822047E9D600E33A94 /* AppDelegate.swift */ = {isa = PBXFileReference; lastKnownFileType = sourcecode.swift; path = AppDelegate.swift; sourceTree = "<group>"; };
		3DD641892047E9D600E33A94 /* Assets.xcassets */ = {isa = PBXFileReference; lastKnownFileType = folder.assetcatalog; path = Assets.xcassets; sourceTree = "<group>"; };
		3DD6418C2047E9D600E33A94 /* Base */ = {isa = PBXFileReference; lastKnownFileType = file.storyboard; name = Base; path = Base.lproj/LaunchScreen.storyboard; sourceTree = "<group>"; };
		3DD6418E2047E9D600E33A94 /* Info.plist */ = {isa = PBXFileReference; lastKnownFileType = text.plist.xml; path = Info.plist; sourceTree = "<group>"; };
		3DD641932047E9D600E33A94 /* SFWBProTests.xctest */ = {isa = PBXFileReference; explicitFileType = wrapper.cfbundle; includeInIndex = 0; path = SFWBProTests.xctest; sourceTree = BUILT_PRODUCTS_DIR; };
		3DD641972047E9D600E33A94 /* SFWBProTests.swift */ = {isa = PBXFileReference; lastKnownFileType = sourcecode.swift; path = SFWBProTests.swift; sourceTree = "<group>"; };
		3DD641992047E9D600E33A94 /* Info.plist */ = {isa = PBXFileReference; lastKnownFileType = text.plist.xml; path = Info.plist; sourceTree = "<group>"; };
		3DD6419E2047E9D600E33A94 /* SFWBProUITests.xctest */ = {isa = PBXFileReference; explicitFileType = wrapper.cfbundle; includeInIndex = 0; path = SFWBProUITests.xctest; sourceTree = BUILT_PRODUCTS_DIR; };
		3DD641A22047E9D700E33A94 /* SFWBProUITests.swift */ = {isa = PBXFileReference; lastKnownFileType = sourcecode.swift; path = SFWBProUITests.swift; sourceTree = "<group>"; };
		3DD641A42047E9D700E33A94 /* Info.plist */ = {isa = PBXFileReference; lastKnownFileType = text.plist.xml; path = Info.plist; sourceTree = "<group>"; };
		3DD641BA2047F93400E33A94 /* SFWBMainViewController.swift */ = {isa = PBXFileReference; lastKnownFileType = sourcecode.swift; path = SFWBMainViewController.swift; sourceTree = "<group>"; };
		3DD641BC2047F97500E33A94 /* SFWBNavigationViewController.swift */ = {isa = PBXFileReference; lastKnownFileType = sourcecode.swift; path = SFWBNavigationViewController.swift; sourceTree = "<group>"; };
		3DD641BE2047F98D00E33A94 /* SFWBBaseViewController.swift */ = {isa = PBXFileReference; lastKnownFileType = sourcecode.swift; path = SFWBBaseViewController.swift; sourceTree = "<group>"; };
		3DD641C02047FA0500E33A94 /* SFWBHomeViewController.swift */ = {isa = PBXFileReference; lastKnownFileType = sourcecode.swift; path = SFWBHomeViewController.swift; sourceTree = "<group>"; };
		3DD641C22047FA1E00E33A94 /* SFWBMessageViewController.swift */ = {isa = PBXFileReference; lastKnownFileType = sourcecode.swift; path = SFWBMessageViewController.swift; sourceTree = "<group>"; };
		3DD641C42047FA3A00E33A94 /* SFWBDiscoverViewController.swift */ = {isa = PBXFileReference; lastKnownFileType = sourcecode.swift; path = SFWBDiscoverViewController.swift; sourceTree = "<group>"; };
		3DD641C62047FA4700E33A94 /* SFWBProfileViewController.swift */ = {isa = PBXFileReference; lastKnownFileType = sourcecode.swift; path = SFWBProfileViewController.swift; sourceTree = "<group>"; };
		3DD641C9204808CC00E33A94 /* CZAdditions.h */ = {isa = PBXFileReference; fileEncoding = 4; lastKnownFileType = sourcecode.c.h; path = CZAdditions.h; sourceTree = "<group>"; };
		3DD641CA204808CC00E33A94 /* NSArray+Log.h */ = {isa = PBXFileReference; fileEncoding = 4; lastKnownFileType = sourcecode.c.h; path = "NSArray+Log.h"; sourceTree = "<group>"; };
		3DD641CB204808CC00E33A94 /* NSArray+Log.m */ = {isa = PBXFileReference; fileEncoding = 4; lastKnownFileType = sourcecode.c.objc; path = "NSArray+Log.m"; sourceTree = "<group>"; };
		3DD641CC204808CC00E33A94 /* NSAttributedString+CZAdditon.h */ = {isa = PBXFileReference; fileEncoding = 4; lastKnownFileType = sourcecode.c.h; path = "NSAttributedString+CZAdditon.h"; sourceTree = "<group>"; };
		3DD641CD204808CC00E33A94 /* NSAttributedString+CZAdditon.m */ = {isa = PBXFileReference; fileEncoding = 4; lastKnownFileType = sourcecode.c.objc; path = "NSAttributedString+CZAdditon.m"; sourceTree = "<group>"; };
		3DD641CE204808CC00E33A94 /* NSObject+CZRuntime.h */ = {isa = PBXFileReference; fileEncoding = 4; lastKnownFileType = sourcecode.c.h; path = "NSObject+CZRuntime.h"; sourceTree = "<group>"; };
		3DD641CF204808CC00E33A94 /* NSObject+CZRuntime.m */ = {isa = PBXFileReference; fileEncoding = 4; lastKnownFileType = sourcecode.c.objc; path = "NSObject+CZRuntime.m"; sourceTree = "<group>"; };
		3DD641D0204808CC00E33A94 /* NSString+CZBase64.h */ = {isa = PBXFileReference; fileEncoding = 4; lastKnownFileType = sourcecode.c.h; path = "NSString+CZBase64.h"; sourceTree = "<group>"; };
		3DD641D1204808CC00E33A94 /* NSString+CZBase64.m */ = {isa = PBXFileReference; fileEncoding = 4; lastKnownFileType = sourcecode.c.objc; path = "NSString+CZBase64.m"; sourceTree = "<group>"; };
		3DD641D2204808CC00E33A94 /* NSString+CZHash.h */ = {isa = PBXFileReference; fileEncoding = 4; lastKnownFileType = sourcecode.c.h; path = "NSString+CZHash.h"; sourceTree = "<group>"; };
		3DD641D3204808CC00E33A94 /* NSString+CZHash.m */ = {isa = PBXFileReference; fileEncoding = 4; lastKnownFileType = sourcecode.c.objc; path = "NSString+CZHash.m"; sourceTree = "<group>"; };
		3DD641D4204808CC00E33A94 /* NSString+CZPath.h */ = {isa = PBXFileReference; fileEncoding = 4; lastKnownFileType = sourcecode.c.h; path = "NSString+CZPath.h"; sourceTree = "<group>"; };
		3DD641D5204808CC00E33A94 /* NSString+CZPath.m */ = {isa = PBXFileReference; fileEncoding = 4; lastKnownFileType = sourcecode.c.objc; path = "NSString+CZPath.m"; sourceTree = "<group>"; };
		3DD641D6204808CC00E33A94 /* UIButton+CZAddition.h */ = {isa = PBXFileReference; fileEncoding = 4; lastKnownFileType = sourcecode.c.h; path = "UIButton+CZAddition.h"; sourceTree = "<group>"; };
		3DD641D7204808CC00E33A94 /* UIButton+CZAddition.m */ = {isa = PBXFileReference; fileEncoding = 4; lastKnownFileType = sourcecode.c.objc; path = "UIButton+CZAddition.m"; sourceTree = "<group>"; };
		3DD641D8204808CC00E33A94 /* UIColor+CZAddition.h */ = {isa = PBXFileReference; fileEncoding = 4; lastKnownFileType = sourcecode.c.h; path = "UIColor+CZAddition.h"; sourceTree = "<group>"; };
		3DD641D9204808CC00E33A94 /* UIColor+CZAddition.m */ = {isa = PBXFileReference; fileEncoding = 4; lastKnownFileType = sourcecode.c.objc; path = "UIColor+CZAddition.m"; sourceTree = "<group>"; };
		3DD641DA204808CC00E33A94 /* UIImage+Extension.h */ = {isa = PBXFileReference; fileEncoding = 4; lastKnownFileType = sourcecode.c.h; path = "UIImage+Extension.h"; sourceTree = "<group>"; };
		3DD641DB204808CC00E33A94 /* UIImage+Extension.m */ = {isa = PBXFileReference; fileEncoding = 4; lastKnownFileType = sourcecode.c.objc; path = "UIImage+Extension.m"; sourceTree = "<group>"; };
		3DD641DC204808CC00E33A94 /* UILabel+CZAddition.h */ = {isa = PBXFileReference; fileEncoding = 4; lastKnownFileType = sourcecode.c.h; path = "UILabel+CZAddition.h"; sourceTree = "<group>"; };
		3DD641DD204808CC00E33A94 /* UILabel+CZAddition.m */ = {isa = PBXFileReference; fileEncoding = 4; lastKnownFileType = sourcecode.c.objc; path = "UILabel+CZAddition.m"; sourceTree = "<group>"; };
		3DD641DE204808CC00E33A94 /* UIScreen+CZAddition.h */ = {isa = PBXFileReference; fileEncoding = 4; lastKnownFileType = sourcecode.c.h; path = "UIScreen+CZAddition.h"; sourceTree = "<group>"; };
		3DD641DF204808CC00E33A94 /* UIScreen+CZAddition.m */ = {isa = PBXFileReference; fileEncoding = 4; lastKnownFileType = sourcecode.c.objc; path = "UIScreen+CZAddition.m"; sourceTree = "<group>"; };
		3DD641E0204808CC00E33A94 /* UIView+CZAddition.h */ = {isa = PBXFileReference; fileEncoding = 4; lastKnownFileType = sourcecode.c.h; path = "UIView+CZAddition.h"; sourceTree = "<group>"; };
		3DD641E1204808CC00E33A94 /* UIView+CZAddition.m */ = {isa = PBXFileReference; fileEncoding = 4; lastKnownFileType = sourcecode.c.objc; path = "UIView+CZAddition.m"; sourceTree = "<group>"; };
		3DD641E2204808CC00E33A94 /* UIView+JKFrame.h */ = {isa = PBXFileReference; fileEncoding = 4; lastKnownFileType = sourcecode.c.h; path = "UIView+JKFrame.h"; sourceTree = "<group>"; };
		3DD641E3204808CC00E33A94 /* UIView+JKFrame.m */ = {isa = PBXFileReference; fileEncoding = 4; lastKnownFileType = sourcecode.c.objc; path = "UIView+JKFrame.m"; sourceTree = "<group>"; };
		3DD641E4204808CC00E33A94 /* UIViewController+CZAddition.h */ = {isa = PBXFileReference; fileEncoding = 4; lastKnownFileType = sourcecode.c.h; path = "UIViewController+CZAddition.h"; sourceTree = "<group>"; };
		3DD641E5204808CC00E33A94 /* UIViewController+CZAddition.m */ = {isa = PBXFileReference; fileEncoding = 4; lastKnownFileType = sourcecode.c.objc; path = "UIViewController+CZAddition.m"; sourceTree = "<group>"; };
		3DD641F42048092E00E33A94 /* SFWeibo-Bridge.h */ = {isa = PBXFileReference; lastKnownFileType = sourcecode.c.h; path = "SFWeibo-Bridge.h"; sourceTree = "<group>"; };
		3DD641F62048EC5E00E33A94 /* Bundle+Extension.swift */ = {isa = PBXFileReference; fileEncoding = 4; lastKnownFileType = sourcecode.swift; path = "Bundle+Extension.swift"; sourceTree = "<group>"; };
		3DD641F92049236E00E33A94 /* SFWBDemoViewController.swift */ = {isa = PBXFileReference; lastKnownFileType = sourcecode.swift; path = SFWBDemoViewController.swift; sourceTree = "<group>"; };
		3DD641FB20493BBA00E33A94 /* UIBarButtonItem+Extension.swift */ = {isa = PBXFileReference; lastKnownFileType = sourcecode.swift; path = "UIBarButtonItem+Extension.swift"; sourceTree = "<group>"; };
		3DD641FD204953C400E33A94 /* SFSecondNavigationBar.swift */ = {isa = PBXFileReference; lastKnownFileType = sourcecode.swift; path = SFSecondNavigationBar.swift; sourceTree = "<group>"; };
		3DEB203E2079F53A00A0D03F /* SFWBCommon.swift */ = {isa = PBXFileReference; lastKnownFileType = sourcecode.swift; path = SFWBCommon.swift; sourceTree = "<group>"; };
		3DEB2041207A19A100A0D03F /* SFWBOAuthViewController.swift */ = {isa = PBXFileReference; lastKnownFileType = sourcecode.swift; path = SFWBOAuthViewController.swift; sourceTree = "<group>"; };
		3DF4C9C220525902009DAF1E /* main.json */ = {isa = PBXFileReference; fileEncoding = 4; lastKnownFileType = text.json; path = main.json; sourceTree = "<group>"; };
		4D57727D4BF46B15C6159178 /* Pods-SFWBProUITests.release.xcconfig */ = {isa = PBXFileReference; includeInIndex = 1; lastKnownFileType = text.xcconfig; name = "Pods-SFWBProUITests.release.xcconfig"; path = "Pods/Target Support Files/Pods-SFWBProUITests/Pods-SFWBProUITests.release.xcconfig"; sourceTree = "<group>"; };
		5A3BB8C12C7BEA449723ADAB /* Pods-SFWBProTests.debug.xcconfig */ = {isa = PBXFileReference; includeInIndex = 1; lastKnownFileType = text.xcconfig; name = "Pods-SFWBProTests.debug.xcconfig"; path = "Pods/Target Support Files/Pods-SFWBProTests/Pods-SFWBProTests.debug.xcconfig"; sourceTree = "<group>"; };
		72462159BB278D0D3F16C15F /* Pods_SFWBProUITests.framework */ = {isa = PBXFileReference; explicitFileType = wrapper.framework; includeInIndex = 0; path = Pods_SFWBProUITests.framework; sourceTree = BUILT_PRODUCTS_DIR; };
		88C113BAB25EF95D4158284A /* Pods_SFWBPro.framework */ = {isa = PBXFileReference; explicitFileType = wrapper.framework; includeInIndex = 0; path = Pods_SFWBPro.framework; sourceTree = BUILT_PRODUCTS_DIR; };
		8EB37BDF46FDB1A143EC36E8 /* Pods-SFWBProUITests.debug.xcconfig */ = {isa = PBXFileReference; includeInIndex = 1; lastKnownFileType = text.xcconfig; name = "Pods-SFWBProUITests.debug.xcconfig"; path = "Pods/Target Support Files/Pods-SFWBProUITests/Pods-SFWBProUITests.debug.xcconfig"; sourceTree = "<group>"; };
		A7A3E50E2643BD0984BCFA94 /* Pods-SFWBPro.debug.xcconfig */ = {isa = PBXFileReference; includeInIndex = 1; lastKnownFileType = text.xcconfig; name = "Pods-SFWBPro.debug.xcconfig"; path = "Pods/Target Support Files/Pods-SFWBPro/Pods-SFWBPro.debug.xcconfig"; sourceTree = "<group>"; };
		AC893977F91E3DA0F28CF1C3 /* Pods-SFWBPro.release.xcconfig */ = {isa = PBXFileReference; includeInIndex = 1; lastKnownFileType = text.xcconfig; name = "Pods-SFWBPro.release.xcconfig"; path = "Pods/Target Support Files/Pods-SFWBPro/Pods-SFWBPro.release.xcconfig"; sourceTree = "<group>"; };
		D0C67A70CE6F306A400BEEAC /* Pods-SFWBProTests.release.xcconfig */ = {isa = PBXFileReference; includeInIndex = 1; lastKnownFileType = text.xcconfig; name = "Pods-SFWBProTests.release.xcconfig"; path = "Pods/Target Support Files/Pods-SFWBProTests/Pods-SFWBProTests.release.xcconfig"; sourceTree = "<group>"; };
/* End PBXFileReference section */

/* Begin PBXFrameworksBuildPhase section */
		3DD6417C2047E9D600E33A94 /* Frameworks */ = {
			isa = PBXFrameworksBuildPhase;
			buildActionMask = 2147483647;
			files = (
				353922940C36CDD10C48F568 /* Pods_SFWBPro.framework in Frameworks */,
			);
			runOnlyForDeploymentPostprocessing = 0;
		};
		3DD641902047E9D600E33A94 /* Frameworks */ = {
			isa = PBXFrameworksBuildPhase;
			buildActionMask = 2147483647;
			files = (
				383F1AE9639692B7C84B9267 /* Pods_SFWBProTests.framework in Frameworks */,
			);
			runOnlyForDeploymentPostprocessing = 0;
		};
		3DD6419B2047E9D600E33A94 /* Frameworks */ = {
			isa = PBXFrameworksBuildPhase;
			buildActionMask = 2147483647;
			files = (
				CE082834EBA27E00E7722423 /* Pods_SFWBProUITests.framework in Frameworks */,
			);
			runOnlyForDeploymentPostprocessing = 0;
		};
/* End PBXFrameworksBuildPhase section */

/* Begin PBXGroup section */
		2FDC40468EE70BD1BD7F360B /* Pods */ = {
			isa = PBXGroup;
			children = (
				A7A3E50E2643BD0984BCFA94 /* Pods-SFWBPro.debug.xcconfig */,
				AC893977F91E3DA0F28CF1C3 /* Pods-SFWBPro.release.xcconfig */,
				5A3BB8C12C7BEA449723ADAB /* Pods-SFWBProTests.debug.xcconfig */,
				D0C67A70CE6F306A400BEEAC /* Pods-SFWBProTests.release.xcconfig */,
				8EB37BDF46FDB1A143EC36E8 /* Pods-SFWBProUITests.debug.xcconfig */,
				4D57727D4BF46B15C6159178 /* Pods-SFWBProUITests.release.xcconfig */,
			);
			name = Pods;
			sourceTree = "<group>";
		};
		3D17AA0C2053818E00774723 /* Network */ = {
			isa = PBXGroup;
			children = (
				3D17AA0D205381F200774723 /* SFWBNetworkManager.swift */,
				3D17AA0F2053B66300774723 /* SFWBNetworkManager+Extension.swift */,
			);
			path = Network;
			sourceTree = "<group>";
		};
		3DD641762047E9D600E33A94 = {
			isa = PBXGroup;
			children = (
				3DD641812047E9D600E33A94 /* SFWBPro */,
				3DD641962047E9D600E33A94 /* SFWBProTests */,
				3DD641A12047E9D600E33A94 /* SFWBProUITests */,
				3DD641802047E9D600E33A94 /* Products */,
				2FDC40468EE70BD1BD7F360B /* Pods */,
				B9F62F3B1A2D9B2300965162 /* Frameworks */,
			);
			sourceTree = "<group>";
		};
		3DD641802047E9D600E33A94 /* Products */ = {
			isa = PBXGroup;
			children = (
				3DD6417F2047E9D600E33A94 /* SFWBPro.app */,
				3DD641932047E9D600E33A94 /* SFWBProTests.xctest */,
				3DD6419E2047E9D600E33A94 /* SFWBProUITests.xctest */,
			);
			name = Products;
			sourceTree = "<group>";
		};
		3DD641812047E9D600E33A94 /* SFWBPro */ = {
			isa = PBXGroup;
			children = (
				3DD641B02047F80E00E33A94 /* Classes */,
				3DD641822047E9D600E33A94 /* AppDelegate.swift */,
				3DD641F42048092E00E33A94 /* SFWeibo-Bridge.h */,
				3DD641892047E9D600E33A94 /* Assets.xcassets */,
				3DD6418B2047E9D600E33A94 /* LaunchScreen.storyboard */,
				3DD6418E2047E9D600E33A94 /* Info.plist */,
			);
			path = SFWBPro;
			sourceTree = "<group>";
		};
		3DD641962047E9D600E33A94 /* SFWBProTests */ = {
			isa = PBXGroup;
			children = (
				3DD641972047E9D600E33A94 /* SFWBProTests.swift */,
				3DD641992047E9D600E33A94 /* Info.plist */,
			);
			path = SFWBProTests;
			sourceTree = "<group>";
		};
		3DD641A12047E9D600E33A94 /* SFWBProUITests */ = {
			isa = PBXGroup;
			children = (
				3DD641A22047E9D700E33A94 /* SFWBProUITests.swift */,
				3DD641A42047E9D700E33A94 /* Info.plist */,
			);
			path = SFWBProUITests;
			sourceTree = "<group>";
		};
		3DD641B02047F80E00E33A94 /* Classes */ = {
			isa = PBXGroup;
			children = (
				3DD641B32047F80E00E33A94 /* View */,
				3DD641B12047F80E00E33A94 /* Model */,
				3DD641B92047F80E00E33A94 /* ViewModel */,
				3DD641B22047F80E00E33A94 /* Tools */,
			);
			path = Classes;
			sourceTree = "<group>";
		};
		3DD641B12047F80E00E33A94 /* Model */ = {
			isa = PBXGroup;
			children = (
				3D4EE35720592A6D00EA4871 /* SFWBStatus.swift */,
			);
			path = Model;
			sourceTree = "<group>";
		};
		3DD641B22047F80E00E33A94 /* Tools */ = {
			isa = PBXGroup;
			children = (
				3D17AA0C2053818E00774723 /* Network */,
				3DD641F52048EBB600E33A94 /* Extensions */,
				3DD641C8204808CC00E33A94 /* AddItions */,
				3DEB203E2079F53A00A0D03F /* SFWBCommon.swift */,
			);
			path = Tools;
			sourceTree = "<group>";
		};
		3DD641B32047F80E00E33A94 /* View */ = {
			isa = PBXGroup;
			children = (
				3DD641F82049234A00E33A94 /* Test */,
				3DEB2040207A000700A0D03F /* OAuth */,
				3DD641B62047F80E00E33A94 /* Main */,
				3DD641B52047F80E00E33A94 /* Home */,
				3DD641B72047F80E00E33A94 /* Message */,
				3DD641B42047F80E00E33A94 /* Discover */,
				3DD641B82047F80E00E33A94 /* Profile */,
			);
			path = View;
			sourceTree = "<group>";
		};
		3DD641B42047F80E00E33A94 /* Discover */ = {
			isa = PBXGroup;
			children = (
				3DD641C42047FA3A00E33A94 /* SFWBDiscoverViewController.swift */,
			);
			path = Discover;
			sourceTree = "<group>";
		};
		3DD641B52047F80E00E33A94 /* Home */ = {
			isa = PBXGroup;
			children = (
				3DD641C02047FA0500E33A94 /* SFWBHomeViewController.swift */,
			);
			path = Home;
			sourceTree = "<group>";
		};
		3DD641B62047F80E00E33A94 /* Main */ = {
			isa = PBXGroup;
			children = (
				3DF4C9C220525902009DAF1E /* main.json */,
				3DD641BA2047F93400E33A94 /* SFWBMainViewController.swift */,
				3DD641BC2047F97500E33A94 /* SFWBNavigationViewController.swift */,
				3DD641FD204953C400E33A94 /* SFSecondNavigationBar.swift */,
				3DD641BE2047F98D00E33A94 /* SFWBBaseViewController.swift */,
				3D92A8D1204E9EC300333D9D /* SFWBVistorView.swift */,
			);
			path = Main;
			sourceTree = "<group>";
		};
		3DD641B72047F80E00E33A94 /* Message */ = {
			isa = PBXGroup;
			children = (
				3DD641C22047FA1E00E33A94 /* SFWBMessageViewController.swift */,
			);
			path = Message;
			sourceTree = "<group>";
		};
		3DD641B82047F80E00E33A94 /* Profile */ = {
			isa = PBXGroup;
			children = (
				3DD641C62047FA4700E33A94 /* SFWBProfileViewController.swift */,
			);
			path = Profile;
			sourceTree = "<group>";
		};
		3DD641B92047F80E00E33A94 /* ViewModel */ = {
			isa = PBXGroup;
			children = (
				3D4EE3592059334500EA4871 /* SFWBStatusListViewModel.swift */,
			);
			path = ViewModel;
			sourceTree = "<group>";
		};
		3DD641C8204808CC00E33A94 /* AddItions */ = {
			isa = PBXGroup;
			children = (
				3DD641C9204808CC00E33A94 /* CZAdditions.h */,
				3DD641CA204808CC00E33A94 /* NSArray+Log.h */,
				3DD641CB204808CC00E33A94 /* NSArray+Log.m */,
				3DD641CC204808CC00E33A94 /* NSAttributedString+CZAdditon.h */,
				3DD641CD204808CC00E33A94 /* NSAttributedString+CZAdditon.m */,
				3DD641CE204808CC00E33A94 /* NSObject+CZRuntime.h */,
				3DD641CF204808CC00E33A94 /* NSObject+CZRuntime.m */,
				3DD641D0204808CC00E33A94 /* NSString+CZBase64.h */,
				3DD641D1204808CC00E33A94 /* NSString+CZBase64.m */,
				3DD641D2204808CC00E33A94 /* NSString+CZHash.h */,
				3DD641D3204808CC00E33A94 /* NSString+CZHash.m */,
				3DD641D4204808CC00E33A94 /* NSString+CZPath.h */,
				3DD641D5204808CC00E33A94 /* NSString+CZPath.m */,
				3DD641D6204808CC00E33A94 /* UIButton+CZAddition.h */,
				3DD641D7204808CC00E33A94 /* UIButton+CZAddition.m */,
				3DD641D8204808CC00E33A94 /* UIColor+CZAddition.h */,
				3DD641D9204808CC00E33A94 /* UIColor+CZAddition.m */,
				3DD641DA204808CC00E33A94 /* UIImage+Extension.h */,
				3DD641DB204808CC00E33A94 /* UIImage+Extension.m */,
				3DD641DC204808CC00E33A94 /* UILabel+CZAddition.h */,
				3DD641DD204808CC00E33A94 /* UILabel+CZAddition.m */,
				3DD641DE204808CC00E33A94 /* UIScreen+CZAddition.h */,
				3DD641DF204808CC00E33A94 /* UIScreen+CZAddition.m */,
				3DD641E0204808CC00E33A94 /* UIView+CZAddition.h */,
				3DD641E1204808CC00E33A94 /* UIView+CZAddition.m */,
				3DD641E2204808CC00E33A94 /* UIView+JKFrame.h */,
				3DD641E3204808CC00E33A94 /* UIView+JKFrame.m */,
				3DD641E4204808CC00E33A94 /* UIViewController+CZAddition.h */,
				3DD641E5204808CC00E33A94 /* UIViewController+CZAddition.m */,
			);
			path = AddItions;
			sourceTree = "<group>";
		};
		3DD641F52048EBB600E33A94 /* Extensions */ = {
			isa = PBXGroup;
			children = (
				3DD641F62048EC5E00E33A94 /* Bundle+Extension.swift */,
				3DD641FB20493BBA00E33A94 /* UIBarButtonItem+Extension.swift */,
			);
			path = Extensions;
			sourceTree = "<group>";
		};
		3DD641F82049234A00E33A94 /* Test */ = {
			isa = PBXGroup;
			children = (
				3DD641F92049236E00E33A94 /* SFWBDemoViewController.swift */,
			);
			path = Test;
			sourceTree = "<group>";
		};
		3DEB2040207A000700A0D03F /* OAuth */ = {
			isa = PBXGroup;
			children = (
				3DEB2041207A19A100A0D03F /* SFWBOAuthViewController.swift */,
			);
			path = OAuth;
			sourceTree = "<group>";
		};
		B9F62F3B1A2D9B2300965162 /* Frameworks */ = {
			isa = PBXGroup;
			children = (
				88C113BAB25EF95D4158284A /* Pods_SFWBPro.framework */,
				32562A8FC6F4954400A25513 /* Pods_SFWBProTests.framework */,
				72462159BB278D0D3F16C15F /* Pods_SFWBProUITests.framework */,
			);
			name = Frameworks;
			sourceTree = "<group>";
		};
/* End PBXGroup section */

/* Begin PBXNativeTarget section */
		3DD6417E2047E9D600E33A94 /* SFWBPro */ = {
			isa = PBXNativeTarget;
			buildConfigurationList = 3DD641A72047E9D700E33A94 /* Build configuration list for PBXNativeTarget "SFWBPro" */;
			buildPhases = (
				1D15DD4FAC47A3881ED1B96B /* [CP] Check Pods Manifest.lock */,
				3DD6417B2047E9D600E33A94 /* Sources */,
				3DD6417C2047E9D600E33A94 /* Frameworks */,
				3DD6417D2047E9D600E33A94 /* Resources */,
				CD2C2D7408A97BED3C457D80 /* [CP] Embed Pods Frameworks */,
				95EC77C81DC103F96BCF0F58 /* [CP] Copy Pods Resources */,
			);
			buildRules = (
			);
			dependencies = (
			);
			name = SFWBPro;
			productName = SFWBPro;
			productReference = 3DD6417F2047E9D600E33A94 /* SFWBPro.app */;
			productType = "com.apple.product-type.application";
		};
		3DD641922047E9D600E33A94 /* SFWBProTests */ = {
			isa = PBXNativeTarget;
			buildConfigurationList = 3DD641AA2047E9D700E33A94 /* Build configuration list for PBXNativeTarget "SFWBProTests" */;
			buildPhases = (
				C58FDBC7E74942EB0917E554 /* [CP] Check Pods Manifest.lock */,
				3DD6418F2047E9D600E33A94 /* Sources */,
				3DD641902047E9D600E33A94 /* Frameworks */,
				3DD641912047E9D600E33A94 /* Resources */,
				C962A75BC185DB63AD3D10AA /* [CP] Embed Pods Frameworks */,
				1EBCE5BD67B5ACB80DECF6FE /* [CP] Copy Pods Resources */,
			);
			buildRules = (
			);
			dependencies = (
				3DD641952047E9D600E33A94 /* PBXTargetDependency */,
			);
			name = SFWBProTests;
			productName = SFWBProTests;
			productReference = 3DD641932047E9D600E33A94 /* SFWBProTests.xctest */;
			productType = "com.apple.product-type.bundle.unit-test";
		};
		3DD6419D2047E9D600E33A94 /* SFWBProUITests */ = {
			isa = PBXNativeTarget;
			buildConfigurationList = 3DD641AD2047E9D700E33A94 /* Build configuration list for PBXNativeTarget "SFWBProUITests" */;
			buildPhases = (
				84930D089A91108C9BE344CA /* [CP] Check Pods Manifest.lock */,
				3DD6419A2047E9D600E33A94 /* Sources */,
				3DD6419B2047E9D600E33A94 /* Frameworks */,
				3DD6419C2047E9D600E33A94 /* Resources */,
				100604C3CBA36E93AE1C065C /* [CP] Embed Pods Frameworks */,
				4A127B0A81288A650546709F /* [CP] Copy Pods Resources */,
			);
			buildRules = (
			);
			dependencies = (
				3DD641A02047E9D600E33A94 /* PBXTargetDependency */,
			);
			name = SFWBProUITests;
			productName = SFWBProUITests;
			productReference = 3DD6419E2047E9D600E33A94 /* SFWBProUITests.xctest */;
			productType = "com.apple.product-type.bundle.ui-testing";
		};
/* End PBXNativeTarget section */

/* Begin PBXProject section */
		3DD641772047E9D600E33A94 /* Project object */ = {
			isa = PBXProject;
			attributes = {
				CLASSPREFIX = SF;
				LastSwiftUpdateCheck = 0920;
				LastUpgradeCheck = 0920;
				ORGANIZATIONNAME = happy;
				TargetAttributes = {
					3DD6417E2047E9D600E33A94 = {
						CreatedOnToolsVersion = 9.2;
						ProvisioningStyle = Automatic;
					};
					3DD641922047E9D600E33A94 = {
						CreatedOnToolsVersion = 9.2;
						ProvisioningStyle = Automatic;
						TestTargetID = 3DD6417E2047E9D600E33A94;
					};
					3DD6419D2047E9D600E33A94 = {
						CreatedOnToolsVersion = 9.2;
						ProvisioningStyle = Automatic;
						TestTargetID = 3DD6417E2047E9D600E33A94;
					};
				};
			};
			buildConfigurationList = 3DD6417A2047E9D600E33A94 /* Build configuration list for PBXProject "SFWBPro" */;
			compatibilityVersion = "Xcode 8.0";
			developmentRegion = en;
			hasScannedForEncodings = 0;
			knownRegions = (
				en,
				Base,
			);
			mainGroup = 3DD641762047E9D600E33A94;
			productRefGroup = 3DD641802047E9D600E33A94 /* Products */;
			projectDirPath = "";
			projectRoot = "";
			targets = (
				3DD6417E2047E9D600E33A94 /* SFWBPro */,
				3DD641922047E9D600E33A94 /* SFWBProTests */,
				3DD6419D2047E9D600E33A94 /* SFWBProUITests */,
			);
		};
/* End PBXProject section */

/* Begin PBXResourcesBuildPhase section */
		3DD6417D2047E9D600E33A94 /* Resources */ = {
			isa = PBXResourcesBuildPhase;
			buildActionMask = 2147483647;
			files = (
				3DF4C9C320525902009DAF1E /* main.json in Resources */,
				3DD6418D2047E9D600E33A94 /* LaunchScreen.storyboard in Resources */,
				3DD6418A2047E9D600E33A94 /* Assets.xcassets in Resources */,
			);
			runOnlyForDeploymentPostprocessing = 0;
		};
		3DD641912047E9D600E33A94 /* Resources */ = {
			isa = PBXResourcesBuildPhase;
			buildActionMask = 2147483647;
			files = (
			);
			runOnlyForDeploymentPostprocessing = 0;
		};
		3DD6419C2047E9D600E33A94 /* Resources */ = {
			isa = PBXResourcesBuildPhase;
			buildActionMask = 2147483647;
			files = (
			);
			runOnlyForDeploymentPostprocessing = 0;
		};
/* End PBXResourcesBuildPhase section */

/* Begin PBXShellScriptBuildPhase section */
		100604C3CBA36E93AE1C065C /* [CP] Embed Pods Frameworks */ = {
			isa = PBXShellScriptBuildPhase;
			buildActionMask = 2147483647;
			files = (
			);
			inputPaths = (
			);
			name = "[CP] Embed Pods Frameworks";
			outputPaths = (
			);
			runOnlyForDeploymentPostprocessing = 0;
			shellPath = /bin/sh;
			shellScript = "\"${SRCROOT}/Pods/Target Support Files/Pods-SFWBProUITests/Pods-SFWBProUITests-frameworks.sh\"\n";
			showEnvVarsInLog = 0;
		};
		1D15DD4FAC47A3881ED1B96B /* [CP] Check Pods Manifest.lock */ = {
			isa = PBXShellScriptBuildPhase;
			buildActionMask = 2147483647;
			files = (
			);
			inputPaths = (
				"${PODS_PODFILE_DIR_PATH}/Podfile.lock",
				"${PODS_ROOT}/Manifest.lock",
			);
			name = "[CP] Check Pods Manifest.lock";
			outputPaths = (
				"$(DERIVED_FILE_DIR)/Pods-SFWBPro-checkManifestLockResult.txt",
			);
			runOnlyForDeploymentPostprocessing = 0;
			shellPath = /bin/sh;
			shellScript = "diff \"${PODS_PODFILE_DIR_PATH}/Podfile.lock\" \"${PODS_ROOT}/Manifest.lock\" > /dev/null\nif [ $? != 0 ] ; then\n    # print error to STDERR\n    echo \"error: The sandbox is not in sync with the Podfile.lock. Run 'pod install' or update your CocoaPods installation.\" >&2\n    exit 1\nfi\n# This output is used by Xcode 'outputs' to avoid re-running this script phase.\necho \"SUCCESS\" > \"${SCRIPT_OUTPUT_FILE_0}\"\n";
			showEnvVarsInLog = 0;
		};
		1EBCE5BD67B5ACB80DECF6FE /* [CP] Copy Pods Resources */ = {
			isa = PBXShellScriptBuildPhase;
			buildActionMask = 2147483647;
			files = (
			);
			inputPaths = (
			);
			name = "[CP] Copy Pods Resources";
			outputPaths = (
			);
			runOnlyForDeploymentPostprocessing = 0;
			shellPath = /bin/sh;
			shellScript = "\"${SRCROOT}/Pods/Target Support Files/Pods-SFWBProTests/Pods-SFWBProTests-resources.sh\"\n";
			showEnvVarsInLog = 0;
		};
		4A127B0A81288A650546709F /* [CP] Copy Pods Resources */ = {
			isa = PBXShellScriptBuildPhase;
			buildActionMask = 2147483647;
			files = (
			);
			inputPaths = (
			);
			name = "[CP] Copy Pods Resources";
			outputPaths = (
			);
			runOnlyForDeploymentPostprocessing = 0;
			shellPath = /bin/sh;
			shellScript = "\"${SRCROOT}/Pods/Target Support Files/Pods-SFWBProUITests/Pods-SFWBProUITests-resources.sh\"\n";
			showEnvVarsInLog = 0;
		};
		84930D089A91108C9BE344CA /* [CP] Check Pods Manifest.lock */ = {
			isa = PBXShellScriptBuildPhase;
			buildActionMask = 2147483647;
			files = (
			);
			inputPaths = (
				"${PODS_PODFILE_DIR_PATH}/Podfile.lock",
				"${PODS_ROOT}/Manifest.lock",
			);
			name = "[CP] Check Pods Manifest.lock";
			outputPaths = (
				"$(DERIVED_FILE_DIR)/Pods-SFWBProUITests-checkManifestLockResult.txt",
			);
			runOnlyForDeploymentPostprocessing = 0;
			shellPath = /bin/sh;
			shellScript = "diff \"${PODS_PODFILE_DIR_PATH}/Podfile.lock\" \"${PODS_ROOT}/Manifest.lock\" > /dev/null\nif [ $? != 0 ] ; then\n    # print error to STDERR\n    echo \"error: The sandbox is not in sync with the Podfile.lock. Run 'pod install' or update your CocoaPods installation.\" >&2\n    exit 1\nfi\n# This output is used by Xcode 'outputs' to avoid re-running this script phase.\necho \"SUCCESS\" > \"${SCRIPT_OUTPUT_FILE_0}\"\n";
			showEnvVarsInLog = 0;
		};
		95EC77C81DC103F96BCF0F58 /* [CP] Copy Pods Resources */ = {
			isa = PBXShellScriptBuildPhase;
			buildActionMask = 2147483647;
			files = (
			);
			inputPaths = (
			);
			name = "[CP] Copy Pods Resources";
			outputPaths = (
			);
			runOnlyForDeploymentPostprocessing = 0;
			shellPath = /bin/sh;
			shellScript = "\"${SRCROOT}/Pods/Target Support Files/Pods-SFWBPro/Pods-SFWBPro-resources.sh\"\n";
			showEnvVarsInLog = 0;
		};
		C58FDBC7E74942EB0917E554 /* [CP] Check Pods Manifest.lock */ = {
			isa = PBXShellScriptBuildPhase;
			buildActionMask = 2147483647;
			files = (
			);
			inputPaths = (
				"${PODS_PODFILE_DIR_PATH}/Podfile.lock",
				"${PODS_ROOT}/Manifest.lock",
			);
			name = "[CP] Check Pods Manifest.lock";
			outputPaths = (
				"$(DERIVED_FILE_DIR)/Pods-SFWBProTests-checkManifestLockResult.txt",
			);
			runOnlyForDeploymentPostprocessing = 0;
			shellPath = /bin/sh;
			shellScript = "diff \"${PODS_PODFILE_DIR_PATH}/Podfile.lock\" \"${PODS_ROOT}/Manifest.lock\" > /dev/null\nif [ $? != 0 ] ; then\n    # print error to STDERR\n    echo \"error: The sandbox is not in sync with the Podfile.lock. Run 'pod install' or update your CocoaPods installation.\" >&2\n    exit 1\nfi\n# This output is used by Xcode 'outputs' to avoid re-running this script phase.\necho \"SUCCESS\" > \"${SCRIPT_OUTPUT_FILE_0}\"\n";
			showEnvVarsInLog = 0;
		};
		C962A75BC185DB63AD3D10AA /* [CP] Embed Pods Frameworks */ = {
			isa = PBXShellScriptBuildPhase;
			buildActionMask = 2147483647;
			files = (
			);
			inputPaths = (
			);
			name = "[CP] Embed Pods Frameworks";
			outputPaths = (
			);
			runOnlyForDeploymentPostprocessing = 0;
			shellPath = /bin/sh;
			shellScript = "\"${SRCROOT}/Pods/Target Support Files/Pods-SFWBProTests/Pods-SFWBProTests-frameworks.sh\"\n";
			showEnvVarsInLog = 0;
		};
		CD2C2D7408A97BED3C457D80 /* [CP] Embed Pods Frameworks */ = {
			isa = PBXShellScriptBuildPhase;
			buildActionMask = 2147483647;
			files = (
			);
			inputPaths = (
				"${SRCROOT}/Pods/Target Support Files/Pods-SFWBPro/Pods-SFWBPro-frameworks.sh",
				"${BUILT_PRODUCTS_DIR}/AFNetworking/AFNetworking.framework",
				"${BUILT_PRODUCTS_DIR}/FMDB/FMDB.framework",
				"${BUILT_PRODUCTS_DIR}/SDWebImage/SDWebImage.framework",
				"${BUILT_PRODUCTS_DIR}/SVProgressHUD/SVProgressHUD.framework",
				"${BUILT_PRODUCTS_DIR}/YYModel/YYModel.framework",
				"${BUILT_PRODUCTS_DIR}/pop/pop.framework",
			);
			name = "[CP] Embed Pods Frameworks";
			outputPaths = (
				"${TARGET_BUILD_DIR}/${FRAMEWORKS_FOLDER_PATH}/AFNetworking.framework",
				"${TARGET_BUILD_DIR}/${FRAMEWORKS_FOLDER_PATH}/FMDB.framework",
				"${TARGET_BUILD_DIR}/${FRAMEWORKS_FOLDER_PATH}/SDWebImage.framework",
				"${TARGET_BUILD_DIR}/${FRAMEWORKS_FOLDER_PATH}/SVProgressHUD.framework",
				"${TARGET_BUILD_DIR}/${FRAMEWORKS_FOLDER_PATH}/YYModel.framework",
				"${TARGET_BUILD_DIR}/${FRAMEWORKS_FOLDER_PATH}/pop.framework",
			);
			runOnlyForDeploymentPostprocessing = 0;
			shellPath = /bin/sh;
			shellScript = "\"${SRCROOT}/Pods/Target Support Files/Pods-SFWBPro/Pods-SFWBPro-frameworks.sh\"\n";
			showEnvVarsInLog = 0;
		};
/* End PBXShellScriptBuildPhase section */

/* Begin PBXSourcesBuildPhase section */
		3DD6417B2047E9D600E33A94 /* Sources */ = {
			isa = PBXSourcesBuildPhase;
			buildActionMask = 2147483647;
			files = (
				3DD641ED204808CC00E33A94 /* UIColor+CZAddition.m in Sources */,
				3D4EE35820592A6D00EA4871 /* SFWBStatus.swift in Sources */,
				3DD641E6204808CC00E33A94 /* NSArray+Log.m in Sources */,
				3DD641FC20493BBA00E33A94 /* UIBarButtonItem+Extension.swift in Sources */,
				3DD641EE204808CC00E33A94 /* UIImage+Extension.m in Sources */,
				3DD641C32047FA1E00E33A94 /* SFWBMessageViewController.swift in Sources */,
				3DEB203F2079F53A00A0D03F /* SFWBCommon.swift in Sources */,
				3D92A8D2204E9EC300333D9D /* SFWBVistorView.swift in Sources */,
				3D17AA0E205381F200774723 /* SFWBNetworkManager.swift in Sources */,
				3DD641E7204808CC00E33A94 /* NSAttributedString+CZAdditon.m in Sources */,
				3DD641E9204808CC00E33A94 /* NSString+CZBase64.m in Sources */,
				3DD641C52047FA3A00E33A94 /* SFWBDiscoverViewController.swift in Sources */,
				3DD641C12047FA0500E33A94 /* SFWBHomeViewController.swift in Sources */,
				3DD641F2204808CC00E33A94 /* UIView+JKFrame.m in Sources */,
				3DD641F72048EC5E00E33A94 /* Bundle+Extension.swift in Sources */,
				3DD641832047E9D600E33A94 /* AppDelegate.swift in Sources */,
				3DD641FE204953C400E33A94 /* SFSecondNavigationBar.swift in Sources */,
				3DD641EF204808CC00E33A94 /* UILabel+CZAddition.m in Sources */,
				3DD641F3204808CC00E33A94 /* UIViewController+CZAddition.m in Sources */,
				3DD641EC204808CC00E33A94 /* UIButton+CZAddition.m in Sources */,
				3D4EE35A2059334500EA4871 /* SFWBStatusListViewModel.swift in Sources */,
				3DD641C72047FA4700E33A94 /* SFWBProfileViewController.swift in Sources */,
				3DD641E8204808CC00E33A94 /* NSObject+CZRuntime.m in Sources */,
				3DD641BB2047F93400E33A94 /* SFWBMainViewController.swift in Sources */,
				3DD641BD2047F97500E33A94 /* SFWBNavigationViewController.swift in Sources */,
				3DD641F0204808CC00E33A94 /* UIScreen+CZAddition.m in Sources */,
				3DD641EB204808CC00E33A94 /* NSString+CZPath.m in Sources */,
				3D17AA102053B66300774723 /* SFWBNetworkManager+Extension.swift in Sources */,
				3DD641EA204808CC00E33A94 /* NSString+CZHash.m in Sources */,
				3DD641FA2049236E00E33A94 /* SFWBDemoViewController.swift in Sources */,
				3DD641BF2047F98D00E33A94 /* SFWBBaseViewController.swift in Sources */,
				3DEB2042207A19A100A0D03F /* SFWBOAuthViewController.swift in Sources */,
				3DD641F1204808CC00E33A94 /* UIView+CZAddition.m in Sources */,
			);
			runOnlyForDeploymentPostprocessing = 0;
		};
		3DD6418F2047E9D600E33A94 /* Sources */ = {
			isa = PBXSourcesBuildPhase;
			buildActionMask = 2147483647;
			files = (
				3DD641982047E9D600E33A94 /* SFWBProTests.swift in Sources */,
			);
			runOnlyForDeploymentPostprocessing = 0;
		};
		3DD6419A2047E9D600E33A94 /* Sources */ = {
			isa = PBXSourcesBuildPhase;
			buildActionMask = 2147483647;
			files = (
				3DD641A32047E9D700E33A94 /* SFWBProUITests.swift in Sources */,
			);
			runOnlyForDeploymentPostprocessing = 0;
		};
/* End PBXSourcesBuildPhase section */

/* Begin PBXTargetDependency section */
		3DD641952047E9D600E33A94 /* PBXTargetDependency */ = {
			isa = PBXTargetDependency;
			target = 3DD6417E2047E9D600E33A94 /* SFWBPro */;
			targetProxy = 3DD641942047E9D600E33A94 /* PBXContainerItemProxy */;
		};
		3DD641A02047E9D600E33A94 /* PBXTargetDependency */ = {
			isa = PBXTargetDependency;
			target = 3DD6417E2047E9D600E33A94 /* SFWBPro */;
			targetProxy = 3DD6419F2047E9D600E33A94 /* PBXContainerItemProxy */;
		};
/* End PBXTargetDependency section */

/* Begin PBXVariantGroup section */
		3DD6418B2047E9D600E33A94 /* LaunchScreen.storyboard */ = {
			isa = PBXVariantGroup;
			children = (
				3DD6418C2047E9D600E33A94 /* Base */,
			);
			name = LaunchScreen.storyboard;
			sourceTree = "<group>";
		};
/* End PBXVariantGroup section */

/* Begin XCBuildConfiguration section */
		3DD641A52047E9D700E33A94 /* Debug */ = {
			isa = XCBuildConfiguration;
			buildSettings = {
				ALWAYS_SEARCH_USER_PATHS = NO;
				CLANG_ANALYZER_NONNULL = YES;
				CLANG_ANALYZER_NUMBER_OBJECT_CONVERSION = YES_AGGRESSIVE;
				CLANG_CXX_LANGUAGE_STANDARD = "gnu++14";
				CLANG_CXX_LIBRARY = "libc++";
				CLANG_ENABLE_MODULES = YES;
				CLANG_ENABLE_OBJC_ARC = YES;
				CLANG_WARN_BLOCK_CAPTURE_AUTORELEASING = YES;
				CLANG_WARN_BOOL_CONVERSION = YES;
				CLANG_WARN_COMMA = YES;
				CLANG_WARN_CONSTANT_CONVERSION = YES;
				CLANG_WARN_DIRECT_OBJC_ISA_USAGE = YES_ERROR;
				CLANG_WARN_DOCUMENTATION_COMMENTS = YES;
				CLANG_WARN_EMPTY_BODY = YES;
				CLANG_WARN_ENUM_CONVERSION = YES;
				CLANG_WARN_INFINITE_RECURSION = YES;
				CLANG_WARN_INT_CONVERSION = YES;
				CLANG_WARN_NON_LITERAL_NULL_CONVERSION = YES;
				CLANG_WARN_OBJC_LITERAL_CONVERSION = YES;
				CLANG_WARN_OBJC_ROOT_CLASS = YES_ERROR;
				CLANG_WARN_RANGE_LOOP_ANALYSIS = YES;
				CLANG_WARN_STRICT_PROTOTYPES = YES;
				CLANG_WARN_SUSPICIOUS_MOVE = YES;
				CLANG_WARN_UNGUARDED_AVAILABILITY = YES_AGGRESSIVE;
				CLANG_WARN_UNREACHABLE_CODE = YES;
				CLANG_WARN__DUPLICATE_METHOD_MATCH = YES;
				CODE_SIGN_IDENTITY = "iPhone Developer";
				COPY_PHASE_STRIP = NO;
				DEBUG_INFORMATION_FORMAT = dwarf;
				ENABLE_STRICT_OBJC_MSGSEND = YES;
				ENABLE_TESTABILITY = YES;
				GCC_C_LANGUAGE_STANDARD = gnu11;
				GCC_DYNAMIC_NO_PIC = NO;
				GCC_NO_COMMON_BLOCKS = YES;
				GCC_OPTIMIZATION_LEVEL = 0;
				GCC_PREPROCESSOR_DEFINITIONS = (
					"DEBUG=1",
					"$(inherited)",
				);
				GCC_WARN_64_TO_32_BIT_CONVERSION = YES;
				GCC_WARN_ABOUT_RETURN_TYPE = YES_ERROR;
				GCC_WARN_UNDECLARED_SELECTOR = YES;
				GCC_WARN_UNINITIALIZED_AUTOS = YES_AGGRESSIVE;
				GCC_WARN_UNUSED_FUNCTION = YES;
				GCC_WARN_UNUSED_VARIABLE = YES;
				IPHONEOS_DEPLOYMENT_TARGET = 11.2;
				MTL_ENABLE_DEBUG_INFO = YES;
				ONLY_ACTIVE_ARCH = YES;
				SDKROOT = iphoneos;
				SWIFT_ACTIVE_COMPILATION_CONDITIONS = DEBUG;
				SWIFT_OPTIMIZATION_LEVEL = "-Onone";
			};
			name = Debug;
		};
		3DD641A62047E9D700E33A94 /* Release */ = {
			isa = XCBuildConfiguration;
			buildSettings = {
				ALWAYS_SEARCH_USER_PATHS = NO;
				CLANG_ANALYZER_NONNULL = YES;
				CLANG_ANALYZER_NUMBER_OBJECT_CONVERSION = YES_AGGRESSIVE;
				CLANG_CXX_LANGUAGE_STANDARD = "gnu++14";
				CLANG_CXX_LIBRARY = "libc++";
				CLANG_ENABLE_MODULES = YES;
				CLANG_ENABLE_OBJC_ARC = YES;
				CLANG_WARN_BLOCK_CAPTURE_AUTORELEASING = YES;
				CLANG_WARN_BOOL_CONVERSION = YES;
				CLANG_WARN_COMMA = YES;
				CLANG_WARN_CONSTANT_CONVERSION = YES;
				CLANG_WARN_DIRECT_OBJC_ISA_USAGE = YES_ERROR;
				CLANG_WARN_DOCUMENTATION_COMMENTS = YES;
				CLANG_WARN_EMPTY_BODY = YES;
				CLANG_WARN_ENUM_CONVERSION = YES;
				CLANG_WARN_INFINITE_RECURSION = YES;
				CLANG_WARN_INT_CONVERSION = YES;
				CLANG_WARN_NON_LITERAL_NULL_CONVERSION = YES;
				CLANG_WARN_OBJC_LITERAL_CONVERSION = YES;
				CLANG_WARN_OBJC_ROOT_CLASS = YES_ERROR;
				CLANG_WARN_RANGE_LOOP_ANALYSIS = YES;
				CLANG_WARN_STRICT_PROTOTYPES = YES;
				CLANG_WARN_SUSPICIOUS_MOVE = YES;
				CLANG_WARN_UNGUARDED_AVAILABILITY = YES_AGGRESSIVE;
				CLANG_WARN_UNREACHABLE_CODE = YES;
				CLANG_WARN__DUPLICATE_METHOD_MATCH = YES;
				CODE_SIGN_IDENTITY = "iPhone Developer";
				COPY_PHASE_STRIP = NO;
				DEBUG_INFORMATION_FORMAT = "dwarf-with-dsym";
				ENABLE_NS_ASSERTIONS = NO;
				ENABLE_STRICT_OBJC_MSGSEND = YES;
				GCC_C_LANGUAGE_STANDARD = gnu11;
				GCC_NO_COMMON_BLOCKS = YES;
				GCC_WARN_64_TO_32_BIT_CONVERSION = YES;
				GCC_WARN_ABOUT_RETURN_TYPE = YES_ERROR;
				GCC_WARN_UNDECLARED_SELECTOR = YES;
				GCC_WARN_UNINITIALIZED_AUTOS = YES_AGGRESSIVE;
				GCC_WARN_UNUSED_FUNCTION = YES;
				GCC_WARN_UNUSED_VARIABLE = YES;
				IPHONEOS_DEPLOYMENT_TARGET = 11.2;
				MTL_ENABLE_DEBUG_INFO = NO;
				SDKROOT = iphoneos;
				SWIFT_OPTIMIZATION_LEVEL = "-Owholemodule";
				VALIDATE_PRODUCT = YES;
			};
			name = Release;
		};
		3DD641A82047E9D700E33A94 /* Debug */ = {
			isa = XCBuildConfiguration;
			baseConfigurationReference = A7A3E50E2643BD0984BCFA94 /* Pods-SFWBPro.debug.xcconfig */;
			buildSettings = {
				ASSETCATALOG_COMPILER_APPICON_NAME = AppIcon;
				ASSETCATALOG_COMPILER_LAUNCHIMAGE_NAME = LaunchImage;
				CODE_SIGN_STYLE = Automatic;
				INFOPLIST_FILE = SFWBPro/Info.plist;
				IPHONEOS_DEPLOYMENT_TARGET = 9.0;
				LD_RUNPATH_SEARCH_PATHS = "$(inherited) @executable_path/Frameworks";
				PRODUCT_BUNDLE_IDENTIFIER = Xingfuliangyun.SFWBPro;
				PRODUCT_NAME = "$(TARGET_NAME)";
				SWIFT_OBJC_BRIDGING_HEADER = "SFWBPro/SFWeibo-bridge.h";
				SWIFT_VERSION = 4.0;
				TARGETED_DEVICE_FAMILY = "1,2";
			};
			name = Debug;
		};
		3DD641A92047E9D700E33A94 /* Release */ = {
			isa = XCBuildConfiguration;
			baseConfigurationReference = AC893977F91E3DA0F28CF1C3 /* Pods-SFWBPro.release.xcconfig */;
			buildSettings = {
				ASSETCATALOG_COMPILER_APPICON_NAME = AppIcon;
				ASSETCATALOG_COMPILER_LAUNCHIMAGE_NAME = LaunchImage;
				CODE_SIGN_STYLE = Automatic;
				INFOPLIST_FILE = SFWBPro/Info.plist;
				IPHONEOS_DEPLOYMENT_TARGET = 9.0;
				LD_RUNPATH_SEARCH_PATHS = "$(inherited) @executable_path/Frameworks";
				PRODUCT_BUNDLE_IDENTIFIER = Xingfuliangyun.SFWBPro;
				PRODUCT_NAME = "$(TARGET_NAME)";
				SWIFT_OBJC_BRIDGING_HEADER = "SFWBPro/SFWeibo-bridge.h";
				SWIFT_VERSION = 4.0;
				TARGETED_DEVICE_FAMILY = "1,2";
			};
			name = Release;
		};
		3DD641AB2047E9D700E33A94 /* Debug */ = {
			isa = XCBuildConfiguration;
			baseConfigurationReference = 5A3BB8C12C7BEA449723ADAB /* Pods-SFWBProTests.debug.xcconfig */;
			buildSettings = {
				ALWAYS_EMBED_SWIFT_STANDARD_LIBRARIES = YES;
				BUNDLE_LOADER = "$(TEST_HOST)";
				CODE_SIGN_STYLE = Automatic;
				INFOPLIST_FILE = SFWBProTests/Info.plist;
				LD_RUNPATH_SEARCH_PATHS = "$(inherited) @executable_path/Frameworks @loader_path/Frameworks";
				PRODUCT_BUNDLE_IDENTIFIER = Xingfuliangyun.SFWBProTests;
				PRODUCT_NAME = "$(TARGET_NAME)";
				SWIFT_VERSION = 4.0;
				TARGETED_DEVICE_FAMILY = "1,2";
				TEST_HOST = "$(BUILT_PRODUCTS_DIR)/SFWBPro.app/SFWBPro";
			};
			name = Debug;
		};
		3DD641AC2047E9D700E33A94 /* Release */ = {
			isa = XCBuildConfiguration;
			baseConfigurationReference = D0C67A70CE6F306A400BEEAC /* Pods-SFWBProTests.release.xcconfig */;
			buildSettings = {
				ALWAYS_EMBED_SWIFT_STANDARD_LIBRARIES = YES;
				BUNDLE_LOADER = "$(TEST_HOST)";
				CODE_SIGN_STYLE = Automatic;
				INFOPLIST_FILE = SFWBProTests/Info.plist;
				LD_RUNPATH_SEARCH_PATHS = "$(inherited) @executable_path/Frameworks @loader_path/Frameworks";
				PRODUCT_BUNDLE_IDENTIFIER = Xingfuliangyun.SFWBProTests;
				PRODUCT_NAME = "$(TARGET_NAME)";
				SWIFT_VERSION = 4.0;
				TARGETED_DEVICE_FAMILY = "1,2";
				TEST_HOST = "$(BUILT_PRODUCTS_DIR)/SFWBPro.app/SFWBPro";
			};
			name = Release;
		};
		3DD641AE2047E9D700E33A94 /* Debug */ = {
			isa = XCBuildConfiguration;
			baseConfigurationReference = 8EB37BDF46FDB1A143EC36E8 /* Pods-SFWBProUITests.debug.xcconfig */;
			buildSettings = {
				ALWAYS_EMBED_SWIFT_STANDARD_LIBRARIES = YES;
				CODE_SIGN_STYLE = Automatic;
				INFOPLIST_FILE = SFWBProUITests/Info.plist;
				LD_RUNPATH_SEARCH_PATHS = "$(inherited) @executable_path/Frameworks @loader_path/Frameworks";
				PRODUCT_BUNDLE_IDENTIFIER = Xingfuliangyun.SFWBProUITests;
				PRODUCT_NAME = "$(TARGET_NAME)";
				SWIFT_VERSION = 4.0;
				TARGETED_DEVICE_FAMILY = "1,2";
				TEST_TARGET_NAME = SFWBPro;
			};
			name = Debug;
		};
		3DD641AF2047E9D700E33A94 /* Release */ = {
			isa = XCBuildConfiguration;
			baseConfigurationReference = 4D57727D4BF46B15C6159178 /* Pods-SFWBProUITests.release.xcconfig */;
			buildSettings = {
				ALWAYS_EMBED_SWIFT_STANDARD_LIBRARIES = YES;
				CODE_SIGN_STYLE = Automatic;
				INFOPLIST_FILE = SFWBProUITests/Info.plist;
				LD_RUNPATH_SEARCH_PATHS = "$(inherited) @executable_path/Frameworks @loader_path/Frameworks";
				PRODUCT_BUNDLE_IDENTIFIER = Xingfuliangyun.SFWBProUITests;
				PRODUCT_NAME = "$(TARGET_NAME)";
				SWIFT_VERSION = 4.0;
				TARGETED_DEVICE_FAMILY = "1,2";
				TEST_TARGET_NAME = SFWBPro;
			};
			name = Release;
		};
/* End XCBuildConfiguration section */

/* Begin XCConfigurationList section */
		3DD6417A2047E9D600E33A94 /* Build configuration list for PBXProject "SFWBPro" */ = {
			isa = XCConfigurationList;
			buildConfigurations = (
				3DD641A52047E9D700E33A94 /* Debug */,
				3DD641A62047E9D700E33A94 /* Release */,
			);
			defaultConfigurationIsVisible = 0;
			defaultConfigurationName = Release;
		};
		3DD641A72047E9D700E33A94 /* Build configuration list for PBXNativeTarget "SFWBPro" */ = {
			isa = XCConfigurationList;
			buildConfigurations = (
				3DD641A82047E9D700E33A94 /* Debug */,
				3DD641A92047E9D700E33A94 /* Release */,
			);
			defaultConfigurationIsVisible = 0;
			defaultConfigurationName = Release;
		};
		3DD641AA2047E9D700E33A94 /* Build configuration list for PBXNativeTarget "SFWBProTests" */ = {
			isa = XCConfigurationList;
			buildConfigurations = (
				3DD641AB2047E9D700E33A94 /* Debug */,
				3DD641AC2047E9D700E33A94 /* Release */,
			);
			defaultConfigurationIsVisible = 0;
			defaultConfigurationName = Release;
		};
		3DD641AD2047E9D700E33A94 /* Build configuration list for PBXNativeTarget "SFWBProUITests" */ = {
			isa = XCConfigurationList;
			buildConfigurations = (
				3DD641AE2047E9D700E33A94 /* Debug */,
				3DD641AF2047E9D700E33A94 /* Release */,
			);
			defaultConfigurationIsVisible = 0;
			defaultConfigurationName = Release;
		};
/* End XCConfigurationList section */
	};
	rootObject = 3DD641772047E9D600E33A94 /* Project object */;
}
